{
	"name": "common",
	"version": "1.0.0",
	"lockfileVersion": 3,
	"requires": true,
	"packages": {
		"": {
			"name": "common",
			"version": "1.0.0",
			"license": "ISC",
			"dependencies": {
				"@overturebio-stack/lectern-client": "^1.5.0",
				"@types/firstline": "^2.0.4",
				"deep-freeze": "^0.0.1",
				"dotenv": "^16.4.1",
				"drizzle-orm": "^0.29.3",
				"express": "^4.18.2",
				"firstline": "^2.0.2",
				"lodash-es": "^4.17.21",
				"multer": "1.4.5-lts.1",
				"pg": "^8.11.3",
				"winston": "^3.11.0"
			},
			"devDependencies": {
				"@types/deep-freeze": "^0.1.5",
				"@types/express": "^4.17.21",
				"@types/lodash-es": "^4.17.12",
				"@types/multer": "^1.4.11",
				"@types/pg": "^8.11.0",
				"drizzle-kit": "^0.20.14",
				"nodemon": "^3.0.3",
				"tsx": "^4.7.1"
			},
			"engines": {
				"node": ">=18.0.0 <20.0.0"
			}
		},
		"../../node_modules/.pnpm/@overturebio-stack+lectern-client@1.5.0_typescript@5.3.3/node_modules/@overturebio-stack/lectern-client": {
			"version": "1.5.0",
			"license": "AGPL-3.0",
			"dependencies": {
				"cd": "^0.3.3",
				"deep-freeze": "^0.0.1",
				"lodash": "^4.17.21",
				"node-fetch": "^2.6.1",
				"node-worker-threads-pool": "^1.4.3",
				"promise-tools": "^2.1.0",
				"ts-node": "^9.1.1",
				"winston": "^3.3.3"
			},
			"devDependencies": {
				"@types/chai": "^4.2.16",
				"@types/deep-freeze": "^0.1.2",
				"@types/lodash": "^4.14.168",
				"@types/mocha": "^8.2.2",
				"@types/node": "^12.0.10",
				"@types/node-fetch": "^2.5.10",
				"chai": "^4.3.4",
				"husky": "^6.0.0",
				"mocha": "^8.3.2",
				"prettier": "^2.2.1",
				"pretty-quick": "^3.1.0",
				"rimraf": "^3.0.2",
				"tslint": "^6.1.3",
				"typedoc": "^0.17.7",
				"typescript": "^3.9.5"
			}
		},
		"../../node_modules/.pnpm/@types+deep-freeze@0.1.5/node_modules/@types/deep-freeze": {
			"version": "0.1.5",
			"dev": true,
			"license": "MIT"
		},
		"../../node_modules/.pnpm/@types+express@4.17.21/node_modules/@types/express": {
			"version": "4.17.21",
			"dev": true,
			"license": "MIT",
			"dependencies": {
				"@types/body-parser": "*",
				"@types/express-serve-static-core": "^4.17.33",
				"@types/qs": "*",
				"@types/serve-static": "*"
			}
		},
		"../../node_modules/.pnpm/@types+lodash-es@4.17.12/node_modules/@types/lodash-es": {
			"version": "4.17.12",
			"dev": true,
			"license": "MIT",
			"dependencies": {
				"@types/lodash": "*"
			}
		},
		"../../node_modules/.pnpm/@types+multer@1.4.11/node_modules/@types/multer": {
			"version": "1.4.11",
			"dev": true,
			"license": "MIT",
			"dependencies": {
				"@types/express": "*"
			}
		},
		"../../node_modules/.pnpm/@types+pg@8.11.0/node_modules/@types/pg": {
			"version": "8.11.0",
			"dev": true,
			"license": "MIT",
			"dependencies": {
				"@types/node": "*",
				"pg-protocol": "*",
				"pg-types": "^4.0.1"
			}
		},
		"../../node_modules/.pnpm/deep-freeze@0.0.1/node_modules/deep-freeze": {
			"version": "0.0.1",
			"license": "public domain",
			"devDependencies": {
				"tap": "~0.3.0"
			}
		},
		"../../node_modules/.pnpm/dotenv@16.4.1/node_modules/dotenv": {
			"version": "16.4.1",
			"license": "BSD-2-Clause",
			"devDependencies": {
				"@definitelytyped/dtslint": "^0.0.133",
				"@types/node": "^18.11.3",
				"decache": "^4.6.1",
				"sinon": "^14.0.1",
				"standard": "^17.0.0",
				"standard-markdown": "^7.1.0",
				"standard-version": "^9.5.0",
				"tap": "^16.3.0",
				"tar": "^6.1.11",
				"typescript": "^4.8.4"
			},
			"engines": {
				"node": ">=12"
			},
			"funding": {
				"url": "https://github.com/motdotla/dotenv?sponsor=1"
			}
		},
		"../../node_modules/.pnpm/drizzle-kit@0.20.14/node_modules/drizzle-kit": {
			"version": "0.20.14",
			"dev": true,
			"license": "MIT",
			"dependencies": {
				"@drizzle-team/studio": "^0.0.39",
				"@esbuild-kit/esm-loader": "^2.5.5",
				"camelcase": "^7.0.1",
				"chalk": "^5.2.0",
				"commander": "^9.4.1",
				"env-paths": "^3.0.0",
				"esbuild": "^0.19.7",
				"esbuild-register": "^3.5.0",
				"glob": "^8.1.0",
				"hanji": "^0.0.5",
				"json-diff": "0.9.0",
				"minimatch": "^7.4.3",
				"semver": "^7.5.4",
				"zod": "^3.20.2"
			},
			"bin": {
				"drizzle-kit": "bin.cjs"
			},
			"devDependencies": {
				"@cloudflare/workers-types": "^4.20230518.0",
				"@libsql/client": "^0.1.6",
				"@types/better-sqlite3": "^7.6.4",
				"@types/dockerode": "^3.3.14",
				"@types/glob": "^8.1.0",
				"@types/minimatch": "^5.1.2",
				"@types/node": "^18.11.15",
				"@types/pg": "^8.10.7",
				"@types/semver": "^7.5.5",
				"@typescript-eslint/eslint-plugin": "^5.46.1",
				"@typescript-eslint/parser": "^5.46.1",
				"ava": "^5.1.0",
				"better-sqlite3": "^8.4.0",
				"dockerode": "^3.3.4",
				"dotenv": "^16.0.3",
				"drizzle-kit": "0.19.13",
				"drizzle-orm": "0.29.3",
				"esbuild-node-externals": "^1.9.0",
				"eslint": "^8.29.0",
				"eslint-config-prettier": "^8.5.0",
				"eslint-plugin-prettier": "^4.2.1",
				"get-port": "^6.1.2",
				"mysql2": "2.3.3",
				"pg": "^8.11.3",
				"postgres": "^3.3.5",
				"prettier": "^2.8.1",
				"tsx": "^3.12.1",
				"typescript": "^4.9.4",
				"uvu": "^0.5.6",
				"wrangler": "^3.22.1",
				"zx": "^7.2.2"
			}
		},
		"../../node_modules/.pnpm/drizzle-orm@0.29.3_@types+pg@8.11.0_pg@8.11.3/node_modules/drizzle-orm": {
			"version": "0.29.3",
			"license": "Apache-2.0",
			"devDependencies": {
				"@aws-sdk/client-rds-data": "^3.344.0",
				"@cloudflare/workers-types": "^4.20230904.0",
				"@libsql/client": "^0.1.6",
				"@neondatabase/serverless": "^0.4.24",
				"@opentelemetry/api": "^1.4.1",
				"@originjs/vite-plugin-commonjs": "^1.0.3",
				"@planetscale/database": "^1.7.0",
				"@types/better-sqlite3": "^7.6.4",
				"@types/node": "^20.2.5",
				"@types/pg": "^8.10.1",
				"@types/react": "^18.2.45",
				"@types/sql.js": "^1.4.4",
				"@vercel/postgres": "^0.3.0",
				"better-sqlite3": "^8.4.0",
				"bun-types": "^0.6.6",
				"cpy": "^10.1.0",
				"expo-sqlite": "^13.2.0",
				"knex": "^2.4.2",
				"kysely": "^0.25.0",
				"mysql2": "^3.3.3",
				"pg": "^8.11.0",
				"postgres": "^3.3.5",
				"react": "^18.2.0",
				"sql.js": "^1.8.0",
				"sqlite3": "^5.1.2",
				"tslib": "^2.5.2",
				"tsx": "^3.12.7",
				"vite-tsconfig-paths": "^4.2.0",
				"vitest": "^0.31.4",
				"zod": "^3.20.2",
				"zx": "^7.2.2"
			},
			"peerDependencies": {
				"@aws-sdk/client-rds-data": ">=3",
				"@cloudflare/workers-types": ">=3",
				"@libsql/client": "*",
				"@neondatabase/serverless": ">=0.1",
				"@opentelemetry/api": "^1.4.1",
				"@planetscale/database": ">=1",
				"@types/better-sqlite3": "*",
				"@types/pg": "*",
				"@types/react": ">=18",
				"@types/sql.js": "*",
				"@vercel/postgres": "*",
				"better-sqlite3": ">=7",
				"bun-types": "*",
				"expo-sqlite": ">=13.2.0",
				"knex": "*",
				"kysely": "*",
				"mysql2": ">=2",
				"pg": ">=8",
				"postgres": ">=3",
				"react": ">=18",
				"sql.js": ">=1",
				"sqlite3": ">=5"
			},
			"peerDependenciesMeta": {
				"@aws-sdk/client-rds-data": {
					"optional": true
				},
				"@cloudflare/workers-types": {
					"optional": true
				},
				"@libsql/client": {
					"optional": true
				},
				"@neondatabase/serverless": {
					"optional": true
				},
				"@opentelemetry/api": {
					"optional": true
				},
				"@planetscale/database": {
					"optional": true
				},
				"@types/better-sqlite3": {
					"optional": true
				},
				"@types/pg": {
					"optional": true
				},
				"@types/react": {
					"optional": true
				},
				"@types/sql.js": {
					"optional": true
				},
				"@vercel/postgres": {
					"optional": true
				},
				"better-sqlite3": {
					"optional": true
				},
				"bun-types": {
					"optional": true
				},
				"expo-sqlite": {
					"optional": true
				},
				"knex": {
					"optional": true
				},
				"kysely": {
					"optional": true
				},
				"mysql2": {
					"optional": true
				},
				"pg": {
					"optional": true
				},
				"postgres": {
					"optional": true
				},
				"react": {
					"optional": true
				},
				"sql.js": {
					"optional": true
				},
				"sqlite3": {
					"optional": true
				}
			}
		},
		"../../node_modules/.pnpm/express@4.18.2/node_modules/express": {
			"version": "4.18.2",
			"license": "MIT",
			"dependencies": {
				"accepts": "~1.3.8",
				"array-flatten": "1.1.1",
				"body-parser": "1.20.1",
				"content-disposition": "0.5.4",
				"content-type": "~1.0.4",
				"cookie": "0.5.0",
				"cookie-signature": "1.0.6",
				"debug": "2.6.9",
				"depd": "2.0.0",
				"encodeurl": "~1.0.2",
				"escape-html": "~1.0.3",
				"etag": "~1.8.1",
				"finalhandler": "1.2.0",
				"fresh": "0.5.2",
				"http-errors": "2.0.0",
				"merge-descriptors": "1.0.1",
				"methods": "~1.1.2",
				"on-finished": "2.4.1",
				"parseurl": "~1.3.3",
				"path-to-regexp": "0.1.7",
				"proxy-addr": "~2.0.7",
				"qs": "6.11.0",
				"range-parser": "~1.2.1",
				"safe-buffer": "5.2.1",
				"send": "0.18.0",
				"serve-static": "1.15.0",
				"setprototypeof": "1.2.0",
				"statuses": "2.0.1",
				"type-is": "~1.6.18",
				"utils-merge": "1.0.1",
				"vary": "~1.1.2"
			},
			"devDependencies": {
				"after": "0.8.2",
				"connect-redis": "3.4.2",
				"cookie-parser": "1.4.6",
				"cookie-session": "2.0.0",
				"ejs": "3.1.8",
				"eslint": "8.24.0",
				"express-session": "1.17.2",
				"hbs": "4.2.0",
				"marked": "0.7.0",
				"method-override": "3.0.0",
				"mocha": "10.0.0",
				"morgan": "1.10.0",
				"multiparty": "4.2.3",
				"nyc": "15.1.0",
				"pbkdf2-password": "1.2.1",
				"supertest": "6.3.0",
				"vhost": "~3.0.2"
			},
			"engines": {
				"node": ">= 0.10.0"
			}
		},
		"../../node_modules/.pnpm/firstline@2.0.2/node_modules/firstline": {
			"version": "2.0.2",
			"license": "MIT",
			"devDependencies": {
				"chai": "^4.1.2",
				"chai-as-promised": "^7.1.1",
				"coveralls": "^3.0.0",
				"cz-conventional-changelog": "^2.1.0",
				"eslint": "^4.19.1",
				"husky": "^0.14.3",
				"js-promisify": "^1.1.0",
				"mocha": "^5.1.1",
				"nyc": "^11.7.1",
				"rimraf": "^2.6.2",
				"semantic-release": "^15.5.0",
				"travis-deploy-once": "^5.0.0"
			},
			"engines": {
				"node": ">=6.4.0"
			}
		},
		"../../node_modules/.pnpm/lodash-es@4.17.21/node_modules/lodash-es": {
			"version": "4.17.21",
			"license": "MIT"
		},
		"../../node_modules/.pnpm/multer@1.4.5-lts.1/node_modules/multer": {
			"version": "1.4.5-lts.1",
			"license": "MIT",
			"dependencies": {
				"append-field": "^1.0.0",
				"busboy": "^1.0.0",
				"concat-stream": "^1.5.2",
				"mkdirp": "^0.5.4",
				"object-assign": "^4.1.1",
				"type-is": "^1.6.4",
				"xtend": "^4.0.0"
			},
			"devDependencies": {
				"deep-equal": "^2.0.3",
				"express": "^4.13.1",
				"form-data": "^1.0.0-rc1",
				"fs-temp": "^1.1.2",
				"mocha": "^3.5.3",
				"rimraf": "^2.4.1",
				"standard": "^14.3.3",
				"testdata-w3c-json-form": "^1.0.0"
			},
			"engines": {
				"node": ">= 6.0.0"
			}
		},
		"../../node_modules/.pnpm/nodemon@3.0.3/node_modules/nodemon": {
			"version": "3.0.3",
			"dev": true,
			"license": "MIT",
			"dependencies": {
				"chokidar": "^3.5.2",
				"debug": "^4",
				"ignore-by-default": "^1.0.1",
				"minimatch": "^3.1.2",
				"pstree.remy": "^1.1.8",
				"semver": "^7.5.3",
				"simple-update-notifier": "^2.0.0",
				"supports-color": "^5.5.0",
				"touch": "^3.1.0",
				"undefsafe": "^2.0.5"
			},
			"bin": {
				"nodemon": "bin/nodemon.js"
			},
			"devDependencies": {
				"@commitlint/cli": "^11.0.0",
				"@commitlint/config-conventional": "^11.0.0",
				"async": "1.4.2",
				"coffee-script": "~1.7.1",
				"eslint": "^7.32.0",
				"husky": "^7.0.4",
				"mocha": "^2.5.3",
				"nyc": "^15.1.0",
				"proxyquire": "^1.8.0",
				"semantic-release": "^18.0.0",
				"should": "~4.0.0"
			},
			"engines": {
				"node": ">=10"
			},
			"funding": {
				"type": "opencollective",
				"url": "https://opencollective.com/nodemon"
			}
		},
		"../../node_modules/.pnpm/pg@8.11.3/node_modules/pg": {
			"version": "8.11.3",
			"license": "MIT",
			"dependencies": {
				"buffer-writer": "2.0.0",
				"packet-reader": "1.0.0",
				"pg-connection-string": "^2.6.2",
				"pg-pool": "^3.6.1",
				"pg-protocol": "^1.6.0",
				"pg-types": "^2.1.0",
				"pgpass": "1.x"
			},
			"devDependencies": {
				"@cloudflare/workers-types": "^4.20230404.0",
				"async": "2.6.4",
				"bluebird": "3.5.2",
				"co": "4.6.0",
				"pg-copy-streams": "0.3.0",
				"typescript": "^4.0.3",
				"workerd": "^1.20230419.0",
				"wrangler": "^2.16.0"
			},
			"engines": {
				"node": ">= 8.0.0"
			},
			"optionalDependencies": {
				"pg-cloudflare": "^1.1.1"
			},
			"peerDependencies": {
				"pg-native": ">=3.0.1"
			},
			"peerDependenciesMeta": {
				"pg-native": {
					"optional": true
				}
			}
		},
		"../../node_modules/.pnpm/tsx@4.7.1/node_modules/tsx": {
			"version": "4.7.1",
			"dev": true,
			"license": "MIT",
			"dependencies": {
				"esbuild": "~0.19.10",
				"get-tsconfig": "^4.7.2"
			},
			"bin": {
				"tsx": "dist/cli.mjs"
			},
			"engines": {
				"node": ">=18.0.0"
			},
			"optionalDependencies": {
				"fsevents": "~2.3.3"
			}
		},
		"../../node_modules/.pnpm/winston@3.11.0/node_modules/winston": {
			"version": "3.11.0",
			"license": "MIT",
			"dependencies": {
				"@colors/colors": "^1.6.0",
				"@dabh/diagnostics": "^2.0.2",
				"async": "^3.2.3",
				"is-stream": "^2.0.0",
				"logform": "^2.4.0",
				"one-time": "^1.0.0",
				"readable-stream": "^3.4.0",
				"safe-stable-stringify": "^2.3.1",
				"stack-trace": "0.0.x",
				"triple-beam": "^1.3.0",
				"winston-transport": "^4.5.0"
			},
			"devDependencies": {
				"@babel/cli": "^7.17.0",
				"@babel/core": "^7.17.2",
				"@babel/preset-env": "^7.16.7",
				"@dabh/eslint-config-populist": "^5.0.0",
				"@types/node": "^20.3.1",
				"abstract-winston-transport": "^0.5.1",
				"assume": "^2.2.0",
				"cross-spawn-async": "^2.2.5",
				"eslint": "^8.9.0",
				"hock": "^1.4.1",
				"mocha": "8.1.3",
				"nyc": "^15.1.0",
				"rimraf": "^5.0.5",
				"split2": "^4.1.0",
				"std-mocks": "^1.0.1",
				"through2": "^4.0.2",
				"winston-compat": "^0.1.5"
			},
			"engines": {
				"node": ">= 12.0.0"
			}
		},
		"node_modules/@overturebio-stack/lectern-client": {
			"resolved": "../../node_modules/.pnpm/@overturebio-stack+lectern-client@1.5.0_typescript@5.3.3/node_modules/@overturebio-stack/lectern-client",
			"link": true
		},
		"node_modules/@types/deep-freeze": {
			"resolved": "../../node_modules/.pnpm/@types+deep-freeze@0.1.5/node_modules/@types/deep-freeze",
			"link": true
		},
		"node_modules/@types/express": {
			"resolved": "../../node_modules/.pnpm/@types+express@4.17.21/node_modules/@types/express",
			"link": true
		},
		"node_modules/@types/firstline": {
			"version": "2.0.4",
			"resolved": "https://registry.npmjs.org/@types/firstline/-/firstline-2.0.4.tgz",
			"integrity": "sha512-EYoMzk783ncj3soLGADXD/rklDMw1PAO5Hc3lRZa5G21vkfacwkdTlIdhTJ39omqDLezTSmxjDG1psd4A/mUHg==",
			"dependencies": {
				"@types/node": "*"
			}
		},
		"node_modules/@types/lodash-es": {
			"resolved": "../../node_modules/.pnpm/@types+lodash-es@4.17.12/node_modules/@types/lodash-es",
			"link": true
		},
		"node_modules/@types/multer": {
			"resolved": "../../node_modules/.pnpm/@types+multer@1.4.11/node_modules/@types/multer",
			"link": true
		},
		"node_modules/@types/node": {
			"version": "20.11.27",
			"resolved": "https://registry.npmjs.org/@types/node/-/node-20.11.27.tgz",
			"integrity": "sha512-qyUZfMnCg1KEz57r7pzFtSGt49f6RPkPBis3Vo4PbS7roQEDn22hiHzl/Lo1q4i4hDEgBJmBF/NTNg2XR0HbFg==",
			"dependencies": {
				"undici-types": "~5.26.4"
			}
		},
		"node_modules/@types/pg": {
			"resolved": "../../node_modules/.pnpm/@types+pg@8.11.0/node_modules/@types/pg",
			"link": true
		},
		"node_modules/deep-freeze": {
			"resolved": "../../node_modules/.pnpm/deep-freeze@0.0.1/node_modules/deep-freeze",
			"link": true
		},
		"node_modules/dotenv": {
			"resolved": "../../node_modules/.pnpm/dotenv@16.4.1/node_modules/dotenv",
			"link": true
		},
		"node_modules/drizzle-kit": {
			"resolved": "../../node_modules/.pnpm/drizzle-kit@0.20.14/node_modules/drizzle-kit",
			"link": true
		},
		"node_modules/drizzle-orm": {
			"resolved": "../../node_modules/.pnpm/drizzle-orm@0.29.3_@types+pg@8.11.0_pg@8.11.3/node_modules/drizzle-orm",
			"link": true
		},
		"node_modules/express": {
			"resolved": "../../node_modules/.pnpm/express@4.18.2/node_modules/express",
			"link": true
		},
		"node_modules/firstline": {
			"resolved": "../../node_modules/.pnpm/firstline@2.0.2/node_modules/firstline",
			"link": true
		},
		"node_modules/lodash-es": {
			"resolved": "../../node_modules/.pnpm/lodash-es@4.17.21/node_modules/lodash-es",
			"link": true
		},
		"node_modules/multer": {
			"resolved": "../../node_modules/.pnpm/multer@1.4.5-lts.1/node_modules/multer",
			"link": true
		},
		"node_modules/nodemon": {
			"resolved": "../../node_modules/.pnpm/nodemon@3.0.3/node_modules/nodemon",
			"link": true
		},
		"node_modules/pg": {
			"resolved": "../../node_modules/.pnpm/pg@8.11.3/node_modules/pg",
			"link": true
		},
		"node_modules/tsx": {
			"resolved": "../../node_modules/.pnpm/tsx@4.7.1/node_modules/tsx",
			"link": true
		},
		"node_modules/undici-types": {
			"version": "5.26.5",
			"resolved": "https://registry.npmjs.org/undici-types/-/undici-types-5.26.5.tgz",
			"integrity": "sha512-JlCMO+ehdEIKqlFxk6IfVoAUVmgz7cU7zD/h9XZ0qzeosSHmUJVOzSQvvYSYWXkFXC+IfLKSIffhv0sVZup6pA=="
		},
		"node_modules/winston": {
			"resolved": "../../node_modules/.pnpm/winston@3.11.0/node_modules/winston",
			"link": true
		}
	}
}
